
Microsoft Visual Studio Solution File, Format Version 12.00
# Visual Studio Version 17
VisualStudioVersion = 17.9.34728.123
MinimumVisualStudioVersion = 10.0.40219.1
Project("{FAE04EC0-301F-11D3-BF4B-00C04F79EFBC}") = "Exercicio1", "Exercicio1\Exercicio1.csproj", "{878F9413-A9AE-42BB-A0B1-BC8B1AB9B07D}"
EndProject
Global
	GlobalSection(SolutionConfigurationPlatforms) = preSolution
		Debug|Any CPU = Debug|Any CPU
		Release|Any CPU = Release|Any CPU
	EndGlobalSection
	GlobalSection(ProjectConfigurationPlatforms) = postSolution
		{878F9413-A9AE-42BB-A0B1-BC8B1AB9B07D}.Debug|Any CPU.ActiveCfg = Debug|Any CPU
		{878F9413-A9AE-42BB-A0B1-BC8B1AB9B07D}.Debug|Any CPU.Build.0 = Debug|Any CPU
		{878F9413-A9AE-42BB-A0B1-BC8B1AB9B07D}.Release|Any CPU.ActiveCfg = Release|Any CPU
		{878F9413-A9AE-42BB-A0B1-BC8B1AB9B07D}.Release|Any CPU.Build.0 = Release|Any CPU
	EndGlobalSection
	GlobalSection(SolutionProperties) = preSolution
		HideSolutionNode = FALSE
	EndGlobalSection
	GlobalSection(ExtensibilityGlobals) = postSolution
		SolutionGuid = {16DE918C-F321-4A3A-A325-7A270D6E6558}
	EndGlobalSection
EndGlobal
